<?xml version="1.0" encoding="UTF-8"?>
<Scheme
   LastUpgradeVersion = "1400"
   version = "1.7">
   <BuildAction
      parallelizeBuildables = "YES"
      buildImplicitDependencies = "YES">
      <BuildActionEntries>
         <BuildActionEntry
            buildForTesting = "YES"
            buildForRunning = "YES"
            buildForProfiling = "YES"
            buildForArchiving = "YES"
            buildForAnalyzing = "YES">
            <BuildableReference
               BuildableIdentifier = "primary"
               BlueprintIdentifier = "F77B0DEB1D118A16002130FE"
               BuildableName = "Nextcloud.app"
               BlueprintName = "Nextcloud"
               ReferencedContainer = "container:Nextcloud.xcodeproj">
            </BuildableReference>
         </BuildActionEntry>
      </BuildActionEntries>
   </BuildAction>
   <TestAction
      buildConfiguration = "Debug"
      selectedDebuggerIdentifier = "Xcode.DebuggerFoundation.Debugger.LLDB"
      selectedLauncherIdentifier = "Xcode.DebuggerFoundation.Launcher.LLDB"
      shouldUseLaunchSchemeArgsEnv = "NO"
      enableThreadSanitizer = "YES"
      codeCoverageEnabled = "YES">
      <MacroExpansion>
         <BuildableReference
            BuildableIdentifier = "primary"
            BlueprintIdentifier = "F77B0DEB1D118A16002130FE"
            BuildableName = "Nextcloud.app"
            BlueprintName = "Nextcloud"
            ReferencedContainer = "container:Nextcloud.xcodeproj">
         </BuildableReference>
      </MacroExpansion>
      <Testables>
         <TestableReference
            skipped = "NO">
            <BuildableReference
               BuildableIdentifier = "primary"
               BlueprintIdentifier = "AF8ED1F82757821000B8DBC4"
               BuildableName = "NextcloudTests.xctest"
               BlueprintName = "NextcloudTests"
               ReferencedContainer = "container:Nextcloud.xcodeproj">
            </BuildableReference>
         </TestableReference>
         <TestableReference
            skipped = "NO">
            <BuildableReference
               BuildableIdentifier = "primary"
               BlueprintIdentifier = "C0046CD92A17B98400D87C9D"
               BuildableName = "NextcloudUITests.xctest"
               BlueprintName = "NextcloudUITests"
               ReferencedContainer = "container:Nextcloud.xcodeproj">
            </BuildableReference>
         </TestableReference>
         <TestableReference
            skipped = "NO">
            <BuildableReference
               BuildableIdentifier = "primary"
               BlueprintIdentifier = "C04E2F1F2A17BB4D001BAD85"
               BuildableName = "NextcloudIntegrationTests.xctest"
               BlueprintName = "NextcloudIntegrationTests"
               ReferencedContainer = "container:Nextcloud.xcodeproj">
            </BuildableReference>
         </TestableReference>
         <TestableReference
            skipped = "NO">
            <BuildableReference
               BuildableIdentifier = "primary"
               BlueprintIdentifier = "C04E2F2C2A17BB77001BAD85"
               BuildableName = "NextcloudEndToEndTests.xctest"
               BlueprintName = "NextcloudEndToEndTests"
               ReferencedContainer = "container:Nextcloud.xcodeproj">
            </BuildableReference>
         </TestableReference>
         <TestableReference
            skipped = "NO"
            parallelizable = "YES">
            <BuildableReference
               BuildableIdentifier = "primary"
               BlueprintIdentifier = "F31F69412A2F6D4500162F76"
               BuildableName = "NextcloudSnapshotTests.xctest"
               BlueprintName = "NextcloudSnapshotTests"
               ReferencedContainer = "container:Nextcloud.xcodeproj">
            </BuildableReference>
         </TestableReference>
      </Testables>
   </TestAction>
   <LaunchAction
      buildConfiguration = "Debug"
      selectedDebuggerIdentifier = "Xcode.DebuggerFoundation.Debugger.LLDB"
      selectedLauncherIdentifier = "Xcode.DebuggerFoundation.Launcher.LLDB"
      launchStyle = "0"
      useCustomWorkingDirectory = "NO"
      ignoresPersistentStateOnLaunch = "NO"
      debugDocumentVersioning = "YES"
      debugServiceExtension = "internal"
      allowLocationSimulation = "YES">
      <BuildableProductRunnable
         runnableDebuggingMode = "0">
         <BuildableReference
            BuildableIdentifier = "primary"
            BlueprintIdentifier = "F77B0DEB1D118A16002130FE"
            BuildableName = "Nextcloud.app"
            BlueprintName = "Nextcloud"
            ReferencedContainer = "container:Nextcloud.xcodeproj">
         </BuildableReference>
      </BuildableProductRunnable>
      <LocationScenarioReference
         identifier = "London, England"
         referenceType = "1">
      </LocationScenarioReference>
   </LaunchAction>
   <ProfileAction
      buildConfiguration = "Release"
      shouldUseLaunchSchemeArgsEnv = "YES"
      savedToolIdentifier = ""
      useCustomWorkingDirectory = "NO"
      debugDocumentVersioning = "YES">
      <BuildableProductRunnable
         runnableDebuggingMode = "0">
         <BuildableReference
            BuildableIdentifier = "primary"
            BlueprintIdentifier = "F77B0DEB1D118A16002130FE"
            BuildableName = "Nextcloud.app"
            BlueprintName = "Nextcloud"
            ReferencedContainer = "container:Nextcloud.xcodeproj">
         </BuildableReference>
      </BuildableProductRunnable>
   </ProfileAction>
   <AnalyzeAction
      buildConfiguration = "Debug">
   </AnalyzeAction>
   <ArchiveAction
      buildConfiguration = "Release"
      revealArchiveInOrganizer = "YES">
   </ArchiveAction>
</Scheme>
