<?xml version="1.0" encoding="UTF-8"?>
<Scheme
   LastUpgradeVersion = "1620"
   wasCreatedForAppExtension = "YES"
   version = "2.0">
   <BuildAction
      parallelizeBuildables = "YES"
      buildImplicitDependencies = "YES">
      <BuildActionEntries>
         <BuildActionEntry
            buildForTesting = "YES"
            buildForRunning = "YES"
            buildForProfiling = "YES"
            buildForArchiving = "YES"
            buildForAnalyzing = "YES">
            <BuildableReference
               BuildableIdentifier = "primary"
               BlueprintIdentifier = "F71459B41D12E3B700CAFEEC"
               BuildableName = "Share.appex"
               BlueprintName = "Share"
               ReferencedContainer = "container:Nextcloud.xcodeproj">
            </BuildableReference>
         </BuildActionEntry>
         <BuildActionEntry
            buildForTesting = "YES"
            buildForRunning = "YES"
            buildForProfiling = "YES"
            buildForArchiving = "YES"
            buildForAnalyzing = "YES">
            <BuildableReference
               BuildableIdentifier = "primary"
               BlueprintIdentifier = "F77B0DEB1D118A16002130FE"
               BuildableName = "Nextcloud.app"
               BlueprintName = "Nextcloud"
               ReferencedContainer = "container:Nextcloud.xcodeproj">
            </BuildableReference>
         </BuildActionEntry>
      </BuildActionEntries>
   </BuildAction>
   <TestAction
      buildConfiguration = "Debug"
      selectedDebuggerIdentifier = "Xcode.DebuggerFoundation.Debugger.LLDB"
      selectedLauncherIdentifier = "Xcode.DebuggerFoundation.Launcher.LLDB"
      shouldUseLaunchSchemeArgsEnv = "YES">
      <MacroExpansion>
         <BuildableReference
            BuildableIdentifier = "primary"
            BlueprintIdentifier = "F71459B41D12E3B700CAFEEC"
            BuildableName = "Share.appex"
            BlueprintName = "Share"
            ReferencedContainer = "container:Nextcloud.xcodeproj">
         </BuildableReference>
      </MacroExpansion>
      <Testables>
         <TestableReference
            skipped = "NO">
            <BuildableReference
               BuildableIdentifier = "primary"
               BlueprintIdentifier = "AF8ED1F82757821000B8DBC4"
               BuildableName = "NextcloudUnitTests.xctest"
               BlueprintName = "NextcloudUnitTests"
               ReferencedContainer = "container:Nextcloud.xcodeproj">
            </BuildableReference>
         </TestableReference>
         <TestableReference
            skipped = "NO"
            parallelizable = "YES">
            <BuildableReference
               BuildableIdentifier = "primary"
               BlueprintIdentifier = "C0046CD92A17B98400D87C9D"
               BuildableName = "NextcloudUITests.xctest"
               BlueprintName = "NextcloudUITests"
               ReferencedContainer = "container:Nextcloud.xcodeproj">
            </BuildableReference>
         </TestableReference>
         <TestableReference
            skipped = "NO"
            parallelizable = "YES">
            <BuildableReference
               BuildableIdentifier = "primary"
               BlueprintIdentifier = "C04E2F1F2A17BB4D001BAD85"
               BuildableName = "NextcloudIntegrationTests.xctest"
               BlueprintName = "NextcloudIntegrationTests"
               ReferencedContainer = "container:Nextcloud.xcodeproj">
            </BuildableReference>
         </TestableReference>
         <TestableReference
            skipped = "NO"
            parallelizable = "YES">
            <BuildableReference
               BuildableIdentifier = "primary"
               BlueprintIdentifier = "C04E2F2C2A17BB77001BAD85"
               BuildableName = "NextcloudEndToEndTests.xctest"
               BlueprintName = "NextcloudEndToEndTests"
               ReferencedContainer = "container:Nextcloud.xcodeproj">
            </BuildableReference>
         </TestableReference>
         <TestableReference
            skipped = "NO"
            parallelizable = "YES">
            <BuildableReference
               BuildableIdentifier = "primary"
               BlueprintIdentifier = "F31F69412A2F6D4500162F76"
               BuildableName = "NextcloudSnapshotTests.xctest"
               BlueprintName = "NextcloudSnapshotTests"
               ReferencedContainer = "container:Nextcloud.xcodeproj">
            </BuildableReference>
         </TestableReference>
      </Testables>
   </TestAction>
   <LaunchAction
      buildConfiguration = "Debug"
      selectedDebuggerIdentifier = ""
      selectedLauncherIdentifier = "Xcode.IDEFoundation.Launcher.PosixSpawn"
      launchStyle = "0"
      askForAppToLaunch = "Yes"
      useCustomWorkingDirectory = "NO"
      ignoresPersistentStateOnLaunch = "NO"
      debugDocumentVersioning = "YES"
      debugServiceExtension = "internal"
      allowLocationSimulation = "YES"
      launchAutomaticallySubstyle = "2">
      <RemoteRunnable
         runnableDebuggingMode = "0"
         BundleIdentifier = "it.twsweb.Nextcloud"
         RemotePath = "/var/containers/Bundle/Application/92F13FE8-7056-4509-8468-5856675AB1CA/Nextcloud.app">
      </RemoteRunnable>
      <MacroExpansion>
         <BuildableReference
            BuildableIdentifier = "primary"
            BlueprintIdentifier = "F77B0DEB1D118A16002130FE"
            BuildableName = "Nextcloud.app"
            BlueprintName = "Nextcloud"
            ReferencedContainer = "container:Nextcloud.xcodeproj">
         </BuildableReference>
      </MacroExpansion>
   </LaunchAction>
   <ProfileAction
      buildConfiguration = "Release"
      shouldUseLaunchSchemeArgsEnv = "YES"
      savedToolIdentifier = ""
      useCustomWorkingDirectory = "NO"
      debugDocumentVersioning = "YES"
      askForAppToLaunch = "Yes"
      launchAutomaticallySubstyle = "2">
      <BuildableProductRunnable
         runnableDebuggingMode = "0">
         <BuildableReference
            BuildableIdentifier = "primary"
            BlueprintIdentifier = "F77B0DEB1D118A16002130FE"
            BuildableName = "Nextcloud.app"
            BlueprintName = "Nextcloud"
            ReferencedContainer = "container:Nextcloud.xcodeproj">
         </BuildableReference>
      </BuildableProductRunnable>
   </ProfileAction>
   <AnalyzeAction
      buildConfiguration = "Debug">
   </AnalyzeAction>
   <ArchiveAction
      buildConfiguration = "Release"
      revealArchiveInOrganizer = "YES">
   </ArchiveAction>
</Scheme>
