{
  "object": {
    "pins": [
      {
        "package": "Alamofire",
        "repositoryURL": "https://github.com/Alamofire/Alamofire",
        "state": {
          "branch": null,
          "revision": "becd9a729a37bdbef5bc39dc3c702b99f9e3d046",
          "version": "5.2.2"
        }
      },
      {
        "package": "NCCommunication",
        "repositoryURL": "https://github.com/nextcloud/ios-communication-library/",
        "state": {
          "branch": "develop",
          "revision": "ef31faa26d440a073c07e4a128247ee0594d8ef6",
          "version": null
        }
      },
      {
        "package": "Parchment",
        "repositoryURL": "https://github.com/rechsteiner/Parchment",
        "state": {
          "branch": null,
          "revision": "af4c9773ad7833df93b3f6226ccd78acad6f5735",
          "version": "2.4.0"
        }
      },
      {
        "package": "Realm",
        "repositoryURL": "https://github.com/realm/realm-cocoa",
        "state": {
          "branch": null,
          "revision": "96d5d28f9fd35bd5b109da376bfdc3194cd2794a",
          "version": "5.4.8"
        }
      },
      {
        "package": "RealmCore",
        "repositoryURL": "https://github.com/realm/realm-core",
        "state": {
          "branch": null,
          "revision": "612057010f5521d41559970306054f4c5b12632a",
          "version": "6.1.4"
        }
      },
      {
        "package": "SwiftyJSON",
        "repositoryURL": "https://github.com/SwiftyJSON/SwiftyJSON",
        "state": {
          "branch": null,
          "revision": "2b6054efa051565954e1d2b9da831680026cd768",
          "version": "5.0.0"
        }
      },
      {
        "package": "SwiftyXMLParser",
        "repositoryURL": "https://github.com/yahoojapan/SwiftyXMLParser",
        "state": {
          "branch": null,
          "revision": "0ca0e992ce0135169c715a6580b99f3e99c503e7",
          "version": "5.2.1"
        }
      }
    ]
  },
  "version": 1
}
