{
  "object": {
    "pins": [
      {
        "package": "Realm",
        "repositoryURL": "https://github.com/realm/realm-cocoa",
        "state": {
          "branch": null,
          "revision": "f64ac045d8cb171d8e317d9b854df7215aed7466",
          "version": "5.4.2"
        }
      },
      {
        "package": "RealmCore",
        "repositoryURL": "https://github.com/realm/realm-core",
        "state": {
          "branch": null,
          "revision": "e051fc73c56830bf3ab0b8a82f7a613968cec6c6",
          "version": "6.0.26"
        }
      }
    ]
  },
  "version": 1
}
