{
  "object": {
    "pins": [
      {
        "package": "Alamofire",
        "repositoryURL": "https://github.com/Alamofire/Alamofire",
        "state": {
          "branch": null,
          "revision": "9e0328127dfb801cefe8ac53a13c0c90a7770448",
          "version": "5.4.0"
        }
      },
      {
        "package": "NCCommunication",
        "repositoryURL": "https://github.com/nextcloud/ios-communication-library/",
        "state": {
          "branch": null,
          "revision": "1d0230e399808e9064acbd65137b3801b56018fc",
          "version": "0.87.0"
        }
      },
      {
        "package": "Parchment",
        "repositoryURL": "https://github.com/rechsteiner/Parchment",
        "state": {
          "branch": null,
          "revision": "af4c9773ad7833df93b3f6226ccd78acad6f5735",
          "version": "2.4.0"
        }
      },
      {
        "package": "Realm",
        "repositoryURL": "https://github.com/realm/realm-cocoa",
        "state": {
          "branch": null,
          "revision": "c236b2c1270fe41ba7c101a1d17ef56494987cb9",
          "version": "10.5.0"
        }
      },
      {
        "package": "RealmDatabase",
        "repositoryURL": "https://github.com/realm/realm-core",
        "state": {
          "branch": null,
          "revision": "7390723ae39b432bd00f093ea84e3b79534a202c",
          "version": "10.3.2"
        }
      },
      {
        "package": "SwiftyJSON",
        "repositoryURL": "https://github.com/SwiftyJSON/SwiftyJSON",
        "state": {
          "branch": null,
          "revision": "2b6054efa051565954e1d2b9da831680026cd768",
          "version": "5.0.0"
        }
      },
      {
        "package": "SwiftyXMLParser",
        "repositoryURL": "https://github.com/yahoojapan/SwiftyXMLParser",
        "state": {
          "branch": null,
          "revision": "ec7f183642adf429babd867d1a38c5c6912408ba",
          "version": "5.3.0"
        }
      }
    ]
  },
  "version": 1
}
